
Microsoft Visual Studio Solution File, Format Version 12.00
# Visual Studio Version 16
VisualStudioVersion = 16.0.29613.14
MinimumVisualStudioVersion = 10.0.40219.1
Project("{9A19103F-16F7-4668-BE54-9A1E7A4F7556}") = "ElectronTestApp", "ElectronTestApp\ElectronTestApp.csproj", "{123296F3-1FAC-4C20-A06B-FDCF31E96CEE}"
EndProject
Global
	GlobalSection(SolutionConfigurationPlatforms) = preSolution
		Debug|Any CPU = Debug|Any CPU
		Release|Any CPU = Release|Any CPU
	EndGlobalSection
	GlobalSection(ProjectConfigurationPlatforms) = postSolution
		{123296F3-1FAC-4C20-A06B-FDCF31E96CEE}.Debug|Any CPU.ActiveCfg = Debug|Any CPU
		{123296F3-1FAC-4C20-A06B-FDCF31E96CEE}.Debug|Any CPU.Build.0 = Debug|Any CPU
		{123296F3-1FAC-4C20-A06B-FDCF31E96CEE}.Release|Any CPU.ActiveCfg = Release|Any CPU
		{123296F3-1FAC-4C20-A06B-FDCF31E96CEE}.Release|Any CPU.Build.0 = Release|Any CPU
	EndGlobalSection
	GlobalSection(SolutionProperties) = preSolution
		HideSolutionNode = FALSE
	EndGlobalSection
	GlobalSection(ExtensibilityGlobals) = postSolution
		SolutionGuid = {A5EB9755-97FB-4A1D-828A-012A23543E9E}
	EndGlobalSection
EndGlobal
